// !$*UTF8*$!
{
	archiveVersion = 1;
	classes = {
	};
	objectVersion = 77;
	objects = {

/* Begin PBXBuildFile section */
		0019F389EDEE7F4811152E62 /* SQLiteStoreCore.swift in Sources */ = {isa = PBXBuildFile; fileRef = 8E1613B7E9DFBF5CC12A70E7 /* SQLiteStoreCore.swift */; };
		02DEE2EEA1F7BE8CB0C96EE9 /* CreatePageView.swift in Sources */ = {isa = PBXBuildFile; fileRef = C5600890BF01FE825B81F0A3 /* CreatePageView.swift */; };
		08450DF0A96EC6EC61B1A48E /* KMShortcutsService.swift in Sources */ = {isa = PBXBuildFile; fileRef = 23ECEBA8FAC37F5D875D36AC /* KMShortcutsService.swift */; };
		0873F7193D49209AC2DB4808 /* IngestService.swift in Sources */ = {isa = PBXBuildFile; fileRef = B7B454DDC566330132441156 /* IngestService.swift */; };
		08C290C722153227FEE4F8BD /* PageType.swift in Sources */ = {isa = PBXBuildFile; fileRef = BD6EE31F7D4F4AE82233E97E /* PageType.swift */; };
		0C347C8D888A7ABFF3BC43BE /* OCRScanView.swift in Sources */ = {isa = PBXBuildFile; fileRef = 6AE70C21CDF46508EBBE364C /* OCRScanView.swift */; };
		0C62652E9338CDC411C559E5 /* ColorSchemeMode.swift in Sources */ = {isa = PBXBuildFile; fileRef = 6E8F30ABB87F9772EBBE2CBE /* ColorSchemeMode.swift */; };
		0E05D37A8622200529E4A232 /* PDFService.swift in Sources */ = {isa = PBXBuildFile; fileRef = FA8FD78B5550DD2D03937A35 /* PDFService.swift */; };
		13419756D33D77228D027CC5 /* CollaborationModels.swift in Sources */ = {isa = PBXBuildFile; fileRef = 43CCD1DD200F8364FEFED456 /* CollaborationModels.swift */; };
		1564474CC4F3C3A09463B3F8 /* WikiColors.swift in Sources */ = {isa = PBXBuildFile; fileRef = A9FD5E425787E92D67241C1E /* WikiColors.swift */; };
		1822C29462F025E0020398B6 /* SplashView.swift in Sources */ = {isa = PBXBuildFile; fileRef = 4B8824F5F6B9F02B7B2F2389 /* SplashView.swift */; };
		19E624AAFA900B2CF9ADABE1 /* KnowledgeBase.app in Resources */ = {isa = PBXBuildFile; fileRef = 602EB6C8BEC5B69D2069E8E4 /* KnowledgeBase.app */; settings = {ATTRIBUTES = (RemoveHeadersOnCopy, ); }; };
		1AEF604E95BA7369E0C8E204 /* WikiTooltip.swift in Sources */ = {isa = PBXBuildFile; fileRef = 3A4F29A71F94448F64F0E40E /* WikiTooltip.swift */; };
		1B50B967C226F1626FF1585B /* IconPickerView.swift in Sources */ = {isa = PBXBuildFile; fileRef = CEEF55DEDDAC04FBCE472A92 /* IconPickerView.swift */; };
		1E0F76F3D40282689696CD00 /* Localizable.xcstrings in Resources */ = {isa = PBXBuildFile; fileRef = FFDDCA7B248A91E59A815377 /* Localizable.xcstrings */; };
		1E6410E4E503015AB7DCE5E8 /* BackupView.swift in Sources */ = {isa = PBXBuildFile; fileRef = FDFFCB37100F4BD12DE3F3FB /* BackupView.swift */; };
		1FB68ADD978D458D2B897A6C /* PageDetailView.swift in Sources */ = {isa = PBXBuildFile; fileRef = 30FB20925B94645EFB8E5B47 /* PageDetailView.swift */; };
		23CD38F5B0046C383CE60E16 /* GraphLayoutEngine.swift in Sources */ = {isa = PBXBuildFile; fileRef = E6EA583291C7C07AFA3DE0C2 /* GraphLayoutEngine.swift */; };
		24113BD279D543CD3943EBE6 /* MarkdownRendererView.swift in Sources */ = {isa = PBXBuildFile; fileRef = D762AD4C1FC17F203A48ACA0 /* MarkdownRendererView.swift */; };
		299EA97B250FDE709DAB7091 /* WikiDecorators.swift in Sources */ = {isa = PBXBuildFile; fileRef = BEBA1878EDE2EB154489EEF8 /* WikiDecorators.swift */; };
		2B8D9CD9786164989699B2C8 /* PageDetailHeader.swift in Sources */ = {isa = PBXBuildFile; fileRef = 7FD53A35361CFDA79708A33C /* PageDetailHeader.swift */; };
		2D636D61D2680B14AF2D28B4 /* SettingsComponents.swift in Sources */ = {isa = PBXBuildFile; fileRef = 91F9B5EBB39BA7A9B5464997 /* SettingsComponents.swift */; };
		35CB156D28CF962EEB7D1C9B /* PDFReaderView.swift in Sources */ = {isa = PBXBuildFile; fileRef = 8309B7E2A3440512B4F68280 /* PDFReaderView.swift */; };
		360D50FB0755CBD8A2CE8320 /* KMiCloudSyncService.swift in Sources */ = {isa = PBXBuildFile; fileRef = B389CB4AFA708A6C4DFE2D36 /* KMiCloudSyncService.swift */; };
		363C825E953BD0CAC06931A9 /* LogView.swift in Sources */ = {isa = PBXBuildFile; fileRef = 2E53E5D478B388A1EC6F5CDB /* LogView.swift */; };
		405D99C6E8BAADDD3F94CE4F /* KMUITests.swift in Sources */ = {isa = PBXBuildFile; fileRef = 312F890E76B754400C6AE4D4 /* KMUITests.swift */; };
		4231A81ECE4DCD8CC6A751DD /* WikiCardComponents.swift in Sources */ = {isa = PBXBuildFile; fileRef = A70D3D4C7ECF990498AEEF04 /* WikiCardComponents.swift */; };
		424970E72FBD12EAE9722702 /* SearchView.swift in Sources */ = {isa = PBXBuildFile; fileRef = EA744A49616C573E13247ECF /* SearchView.swift */; };
		49E7C9A075C173CC2054F5D9 /* Graph3DComponents.swift in Sources */ = {isa = PBXBuildFile; fileRef = B0BF2EA761A5A43C4FB8AA47 /* Graph3DComponents.swift */; };
		4B1FF234D420AEC215A28975 /* WikiEmptyState.swift in Sources */ = {isa = PBXBuildFile; fileRef = 306343D2D963861AFDA3A6F2 /* WikiEmptyState.swift */; };
		4B7B1B5E1ED3695D22162FD8 /* IngestView.swift in Sources */ = {isa = PBXBuildFile; fileRef = F65F5FDF39C739BDCF084DA1 /* IngestView.swift */; };
		5227750A6891A477157F6E65 /* SQLiteMigrator.swift in Sources */ = {isa = PBXBuildFile; fileRef = 15B2C70D8E98CEF66A8EB698 /* SQLiteMigrator.swift */; };
		52A9E580D008394508ADB0EF /* OCRScanComponents.swift in Sources */ = {isa = PBXBuildFile; fileRef = F1D765E9D0A12A54B22BC08A /* OCRScanComponents.swift */; };
		5538483ECACD35159E29A105 /* KMBackupService.swift in Sources */ = {isa = PBXBuildFile; fileRef = 9389A424AA258E6ED7BA6A28 /* KMBackupService.swift */; };
		589FEF6FDD265901EFB47651 /* ContentView.swift in Sources */ = {isa = PBXBuildFile; fileRef = 7A47CC2141005B7A2957D141 /* ContentView.swift */; };
		59592D2AB321D81974780188 /* LLMClient.swift in Sources */ = {isa = PBXBuildFile; fileRef = ECD02B7F90FB5301EEB6723B /* LLMClient.swift */; };
		59C3B98CDF6B4A131A275E56 /* CollaborationView.swift in Sources */ = {isa = PBXBuildFile; fileRef = F96EDAC46E1D9EBED5110920 /* CollaborationView.swift */; };
		5A397677AF38C462B56FE2DE /* CollaborationComponents.swift in Sources */ = {isa = PBXBuildFile; fileRef = 523846F7C20BBE7FD8EB7A73 /* CollaborationComponents.swift */; };
		5B113506DD11D69E7949D13C /* WikiPage.swift in Sources */ = {isa = PBXBuildFile; fileRef = 105BE646513C58266EA81E23 /* WikiPage.swift */; };
		5C6A14574F8340121512CE16 /* OnDeviceComponents.swift in Sources */ = {isa = PBXBuildFile; fileRef = 1EF614BE6E00098B47D36172 /* OnDeviceComponents.swift */; };
		5D14C5E6452807CC76B71265 /* SettingsView.swift in Sources */ = {isa = PBXBuildFile; fileRef = 0A1972AC6048C58209B2410A /* SettingsView.swift */; };
		60C52C14B1878057A09D4965 /* ChatComponents.swift in Sources */ = {isa = PBXBuildFile; fileRef = DB749014A97B1EDE68815590 /* ChatComponents.swift */; };
		61770421E084797ACC923AF8 /* NavigationView.swift in Sources */ = {isa = PBXBuildFile; fileRef = 8F6AC91AE358334C7C2F0B45 /* NavigationView.swift */; };
		6706019DFA7CE462D986FFCA /* WidgetAndWatchViews.swift in Sources */ = {isa = PBXBuildFile; fileRef = FE91393096F8C34B715391A5 /* WidgetAndWatchViews.swift */; };
		68CC5F35B793B87F63994529 /* LintService.swift in Sources */ = {isa = PBXBuildFile; fileRef = B94EB008959D8B606ECABC85 /* LintService.swift */; };
		6DB954F2767DEB62F7BCCC28 /* KMApp.swift in Sources */ = {isa = PBXBuildFile; fileRef = 97E28C6473D1471DDFFFA3BD /* KMApp.swift */; };
		6F15BAA75C4F72F7264843BA /* KMWatchView.swift in Sources */ = {isa = PBXBuildFile; fileRef = E140FE90FF44DDBBD3752924 /* KMWatchView.swift */; };
		71C5FCA1C472159DA69110B5 /* KMStore.swift in Sources */ = {isa = PBXBuildFile; fileRef = B99B61971A587ACDFC844FCB /* KMStore.swift */; };
		76E2668F2A074BDEC46745C7 /* AccessibilityService.swift in Sources */ = {isa = PBXBuildFile; fileRef = F35FB1ACE2B813B57A223052 /* AccessibilityService.swift */; };
		77E78BA3B6F84F41A7E60853 /* OnDeviceLLMService.swift in Sources */ = {isa = PBXBuildFile; fileRef = 1C61B08BFEB8D22BB3BFDCE0 /* OnDeviceLLMService.swift */; };
		7C304F2705BF22DF1B91B2F1 /* OnDeviceLLMSettingsView.swift in Sources */ = {isa = PBXBuildFile; fileRef = 05B55D816A13672F22D4B03B /* OnDeviceLLMSettingsView.swift */; };
		7C6C0B7D19889AA069A8DECD /* IndexView.swift in Sources */ = {isa = PBXBuildFile; fileRef = 1FBF7D8959D183A4C4D08702 /* IndexView.swift */; };
		7E60DE4B16FE80D20C084928 /* LLMModels.swift in Sources */ = {isa = PBXBuildFile; fileRef = 3C96AD97B102E2B68C993060 /* LLMModels.swift */; };
		7F8A96665B5735CFAF0FE5D3 /* LLMService.swift in Sources */ = {isa = PBXBuildFile; fileRef = 317A0ADEE02DE13352325849 /* LLMService.swift */; };
		850F1807A7551007F8A53E06 /* LLMSettingsView.swift in Sources */ = {isa = PBXBuildFile; fileRef = 44EB2F62D54F4A8FE89F3842 /* LLMSettingsView.swift */; };
		8802C70ACE9669245ABF1D31 /* VoiceNoteComponents.swift in Sources */ = {isa = PBXBuildFile; fileRef = 9EDC775DB73F6721F9A5616F /* VoiceNoteComponents.swift */; };
		885D35F00F0CBDFC3F015F57 /* MarkdownEditorView.swift in Sources */ = {isa = PBXBuildFile; fileRef = 01E60DC32AA27C76FFCEB17D /* MarkdownEditorView.swift */; };
		8A50A3751208D037AE55B893 /* ThemeManager.swift in Sources */ = {isa = PBXBuildFile; fileRef = E135D162B659388E7F2222A0 /* ThemeManager.swift */; };
		8C3B3ED5B295348B80DE6B86 /* TagCloudView.swift in Sources */ = {isa = PBXBuildFile; fileRef = 33C138D7DFBDC2C18301268B /* TagCloudView.swift */; };
		8CBC2A7A07BE809297CAA113 /* PDFComponents.swift in Sources */ = {isa = PBXBuildFile; fileRef = 079ED4ADD358541D08B4C06D /* PDFComponents.swift */; };
		8E3D816406FFF7385D1532C9 /* WikiLoadingOverlay.swift in Sources */ = {isa = PBXBuildFile; fileRef = C6AE679FADCDFE0410B041C7 /* WikiLoadingOverlay.swift */; };
		8F785F858D3985FF7990A979 /* SQLiteStore.swift in Sources */ = {isa = PBXBuildFile; fileRef = 043181ACFF6C57C048A7FBB7 /* SQLiteStore.swift */; };
		8F8C48D61926E20679C9B77D /* WikiCard.swift in Sources */ = {isa = PBXBuildFile; fileRef = 13F904A08F7F655A902EEA24 /* WikiCard.swift */; };
		906DC648D1087A3CAC929D3B /* VisionProSpatialView.swift in Sources */ = {isa = PBXBuildFile; fileRef = A55C45746BF817B769D00D1D /* VisionProSpatialView.swift */; };
		9968FB8D35D48DE2F2F80886 /* HostingSetupSheet.swift in Sources */ = {isa = PBXBuildFile; fileRef = B364363A8BE17A9E76A21FDC /* HostingSetupSheet.swift */; };
		9AA9D9081662CE309CB6D01F /* Localized.swift in Sources */ = {isa = PBXBuildFile; fileRef = 73A908A07074E9BE714C1062 /* Localized.swift */; };
		9E68A482590659891B6533B3 /* CollaborationService.swift in Sources */ = {isa = PBXBuildFile; fileRef = BE790F98F3C8719E49FF0645 /* CollaborationService.swift */; };
		9FEFCE028A22599179ABD406 /* UndoService.swift in Sources */ = {isa = PBXBuildFile; fileRef = 8F95417B899E529B59C36C3E /* UndoService.swift */; };
		A1769F16682FC36E8295D00D /* GraphComponents.swift in Sources */ = {isa = PBXBuildFile; fileRef = 283EA44C422184C0EF6E2515 /* GraphComponents.swift */; };
		A7887BD02FA529C7EA700BCB /* DeepLinkService.swift in Sources */ = {isa = PBXBuildFile; fileRef = 989F3012D0E4AC2CD45D0FFC /* DeepLinkService.swift */; };
		A8A85524BB190CDFC6D79F44 /* iCloudSyncComponents.swift in Sources */ = {isa = PBXBuildFile; fileRef = 337D60A4A2D090499D4A254B /* iCloudSyncComponents.swift */; };
		A98A656F5C896AD940110347 /* WikiUI.swift in Sources */ = {isa = PBXBuildFile; fileRef = 89DD06C8652D0EDF9CE5C3A4 /* WikiUI.swift */; };
		B49DF339CAC863C8B91045D9 /* LintIssue.swift in Sources */ = {isa = PBXBuildFile; fileRef = F00041C14865CB6349D8623A /* LintIssue.swift */; };
		B5740F8963F3485C8F420BE9 /* SpeechService.swift in Sources */ = {isa = PBXBuildFile; fileRef = 32C51271BDFEE2EFD557C2D7 /* SpeechService.swift */; };
		B8215A5A980999C4287620A5 /* OCRService.swift in Sources */ = {isa = PBXBuildFile; fileRef = F33512E52D7A4A51728B8C71 /* OCRService.swift */; };
		BE5B41A04EE38DD20AB7EB4B /* VoiceNoteView.swift in Sources */ = {isa = PBXBuildFile; fileRef = 6B6C6CA98BE80665C43B4EC7 /* VoiceNoteView.swift */; };
		C00C526D2BC7AC0862AF26A6 /* GraphView.swift in Sources */ = {isa = PBXBuildFile; fileRef = C6C2558DB2F6D74CE6821D40 /* GraphView.swift */; };
		C217A71A6C9B9272264EFFBA /* HapticManager.swift in Sources */ = {isa = PBXBuildFile; fileRef = C100ED231551681406F0383C /* HapticManager.swift */; };
		C23E7B3944DF9F1AEABBC4C9 /* LaunchScreen.storyboard in Resources */ = {isa = PBXBuildFile; fileRef = B884A2AAF45EE51C72D7A426 /* LaunchScreen.storyboard */; };
		C5BB1F71A277E2569339B1C9 /* BacklinksView.swift in Sources */ = {isa = PBXBuildFile; fileRef = C11ACB488B18A06B04411784 /* BacklinksView.swift */; };
		D4CF75670F267110F4A17ACC /* LogService.swift in Sources */ = {isa = PBXBuildFile; fileRef = 9E892E5B695CEF1108F9E850 /* LogService.swift */; };
		D6D4A9F3B0B2F54CCD86E7E5 /* GraphModels.swift in Sources */ = {isa = PBXBuildFile; fileRef = CBB820192BE4768FB630672A /* GraphModels.swift */; };
		D753D96E42745FDC2111E226 /* Graph3DView.swift in Sources */ = {isa = PBXBuildFile; fileRef = 6B2A8DA06B000015C908951F /* Graph3DView.swift */; };
		DA3CFA3C31213EF7C0AD6FFB /* ChatView.swift in Sources */ = {isa = PBXBuildFile; fileRef = D95BFCC6AFDE414884AAE834 /* ChatView.swift */; };
		DB9D4D8F2ED213905F12F7E6 /* SidebarView.swift in Sources */ = {isa = PBXBuildFile; fileRef = C6F8CCD1BF89ABCD0D420706 /* SidebarView.swift */; };
		DECD963504167F6C9039EA1D /* SplashComponents.swift in Sources */ = {isa = PBXBuildFile; fileRef = DD3765C8B424DB00BB5038CF /* SplashComponents.swift */; };
		DED4AAC87B562FE254CA4EAF /* PerformanceService.swift in Sources */ = {isa = PBXBuildFile; fileRef = B5877520E4EA3FDC2CA62627 /* PerformanceService.swift */; };
		DFB7526998B8C7A751404805 /* LinkService.swift in Sources */ = {isa = PBXBuildFile; fileRef = CB227E4B179732E50618C17F /* LinkService.swift */; };
		E1FD1805B260CD82CA73EE11 /* LLMContextBuilder.swift in Sources */ = {isa = PBXBuildFile; fileRef = CBC958E8CE4A6CF198884209 /* LLMContextBuilder.swift */; };
		E301F6DDA48F7FD44DE9405A /* KMTests.swift in Sources */ = {isa = PBXBuildFile; fileRef = 32B539CA96E1C7AA259336DA /* KMTests.swift */; };
		E8FA39CE3B21860D74E143D1 /* IngestViewComponents.swift in Sources */ = {isa = PBXBuildFile; fileRef = 86B4F5F01E0B3B0F63829F9B /* IngestViewComponents.swift */; };
		E996062E910611AB02F3C5D7 /* iCloudSyncView.swift in Sources */ = {isa = PBXBuildFile; fileRef = DF2A435C176B1D93E68D25DB /* iCloudSyncView.swift */; };
		F16A9478CA7973B26344E6AC /* LintView.swift in Sources */ = {isa = PBXBuildFile; fileRef = BE2D6728318706422B93F487 /* LintView.swift */; };
		F6A6406F791EFD6CDECD437D /* WelcomeView.swift in Sources */ = {isa = PBXBuildFile; fileRef = 3F5771CE8B1A9DD7D49ECF73 /* WelcomeView.swift */; };
		F7B90FF6FBF727E496D435D3 /* MCSessionDelegateImpl.swift in Sources */ = {isa = PBXBuildFile; fileRef = F067C8EFCE60A43EC5A52CCB /* MCSessionDelegateImpl.swift */; };
		FA687A0C041BC3F64EB88A27 /* KMWatchApp.swift in Sources */ = {isa = PBXBuildFile; fileRef = 70FC7A5C87A79F0FCBD63D47 /* KMWatchApp.swift */; };
		FAD322263847B54E7AB4B28D /* MarkdownTextView.swift in Sources */ = {isa = PBXBuildFile; fileRef = 9DAC0B0A535851B6DCEF1CF4 /* MarkdownTextView.swift */; };
		FDBBCDC74B3E4A94FB77C50D /* Assets.xcassets in Resources */ = {isa = PBXBuildFile; fileRef = 7D06267D8F7B8F784F47242B /* Assets.xcassets */; };
		FDF38D24723763127FC81761 /* MarkdownParser.swift in Sources */ = {isa = PBXBuildFile; fileRef = FF1F92FC0630E73F980511BA /* MarkdownParser.swift */; };
		FF189F54BE4E2DAC1FB004DB /* EditorComponents.swift in Sources */ = {isa = PBXBuildFile; fileRef = D915895F5D805E447D19F875 /* EditorComponents.swift */; };
/* End PBXBuildFile section */

/* Begin PBXContainerItemProxy section */
		14DCF8960C900AD413CC6296 /* PBXContainerItemProxy */ = {
			isa = PBXContainerItemProxy;
			containerPortal = 1E9A6BBB4BA8D188D24B282A /* Project object */;
			proxyType = 1;
			remoteGlobalIDString = D00BC1F3C667874D898037F2;
			remoteInfo = KnowledgeBase;
		};
		2BACFABF4BC9279F9A097437 /* PBXContainerItemProxy */ = {
			isa = PBXContainerItemProxy;
			containerPortal = 1E9A6BBB4BA8D188D24B282A /* Project object */;
			proxyType = 1;
			remoteGlobalIDString = D00BC1F3C667874D898037F2;
			remoteInfo = KnowledgeBase;
		};
		49575BE4D3D2C1B95DE3D5BD /* PBXContainerItemProxy */ = {
			isa = PBXContainerItemProxy;
			containerPortal = 1E9A6BBB4BA8D188D24B282A /* Project object */;
			proxyType = 1;
			remoteGlobalIDString = D00BC1F3C667874D898037F2;
			remoteInfo = KnowledgeBase;
		};
/* End PBXContainerItemProxy section */

/* Begin PBXFileReference section */
		01E60DC32AA27C76FFCEB17D /* MarkdownEditorView.swift */ = {isa = PBXFileReference; lastKnownFileType = sourcecode.swift; path = MarkdownEditorView.swift; sourceTree = "<group>"; };
		043181ACFF6C57C048A7FBB7 /* SQLiteStore.swift */ = {isa = PBXFileReference; lastKnownFileType = sourcecode.swift; path = SQLiteStore.swift; sourceTree = "<group>"; };
		05B55D816A13672F22D4B03B /* OnDeviceLLMSettingsView.swift */ = {isa = PBXFileReference; lastKnownFileType = sourcecode.swift; path = OnDeviceLLMSettingsView.swift; sourceTree = "<group>"; };
		06A74358474F96D6929CB163 /* Base */ = {isa = PBXFileReference; lastKnownFileType = file.storyboard; name = Base; path = Base.lproj/LaunchScreen.storyboard; sourceTree = "<group>"; };
		079ED4ADD358541D08B4C06D /* PDFComponents.swift */ = {isa = PBXFileReference; lastKnownFileType = sourcecode.swift; path = PDFComponents.swift; sourceTree = "<group>"; };
		0A1972AC6048C58209B2410A /* SettingsView.swift */ = {isa = PBXFileReference; lastKnownFileType = sourcecode.swift; path = SettingsView.swift; sourceTree = "<group>"; };
		105BE646513C58266EA81E23 /* WikiPage.swift */ = {isa = PBXFileReference; lastKnownFileType = sourcecode.swift; path = WikiPage.swift; sourceTree = "<group>"; };
		13F904A08F7F655A902EEA24 /* WikiCard.swift */ = {isa = PBXFileReference; lastKnownFileType = sourcecode.swift; path = WikiCard.swift; sourceTree = "<group>"; };
		15B2C70D8E98CEF66A8EB698 /* SQLiteMigrator.swift */ = {isa = PBXFileReference; lastKnownFileType = sourcecode.swift; path = SQLiteMigrator.swift; sourceTree = "<group>"; };
		1C61B08BFEB8D22BB3BFDCE0 /* OnDeviceLLMService.swift */ = {isa = PBXFileReference; lastKnownFileType = sourcecode.swift; path = OnDeviceLLMService.swift; sourceTree = "<group>"; };
		1EF614BE6E00098B47D36172 /* OnDeviceComponents.swift */ = {isa = PBXFileReference; lastKnownFileType = sourcecode.swift; path = OnDeviceComponents.swift; sourceTree = "<group>"; };
		1FBF7D8959D183A4C4D08702 /* IndexView.swift */ = {isa = PBXFileReference; lastKnownFileType = sourcecode.swift; path = IndexView.swift; sourceTree = "<group>"; };
		23ECEBA8FAC37F5D875D36AC /* KMShortcutsService.swift */ = {isa = PBXFileReference; lastKnownFileType = sourcecode.swift; path = KMShortcutsService.swift; sourceTree = "<group>"; };
		283EA44C422184C0EF6E2515 /* GraphComponents.swift */ = {isa = PBXFileReference; lastKnownFileType = sourcecode.swift; path = GraphComponents.swift; sourceTree = "<group>"; };
		2E53E5D478B388A1EC6F5CDB /* LogView.swift */ = {isa = PBXFileReference; lastKnownFileType = sourcecode.swift; path = LogView.swift; sourceTree = "<group>"; };
		306343D2D963861AFDA3A6F2 /* WikiEmptyState.swift */ = {isa = PBXFileReference; lastKnownFileType = sourcecode.swift; path = WikiEmptyState.swift; sourceTree = "<group>"; };
		30FB20925B94645EFB8E5B47 /* PageDetailView.swift */ = {isa = PBXFileReference; lastKnownFileType = sourcecode.swift; path = PageDetailView.swift; sourceTree = "<group>"; };
		312F890E76B754400C6AE4D4 /* KMUITests.swift */ = {isa = PBXFileReference; lastKnownFileType = sourcecode.swift; path = KMUITests.swift; sourceTree = "<group>"; };
		317A0ADEE02DE13352325849 /* LLMService.swift */ = {isa = PBXFileReference; lastKnownFileType = sourcecode.swift; path = LLMService.swift; sourceTree = "<group>"; };
		32B539CA96E1C7AA259336DA /* KMTests.swift */ = {isa = PBXFileReference; lastKnownFileType = sourcecode.swift; path = KMTests.swift; sourceTree = "<group>"; };
		32C51271BDFEE2EFD557C2D7 /* SpeechService.swift */ = {isa = PBXFileReference; lastKnownFileType = sourcecode.swift; path = SpeechService.swift; sourceTree = "<group>"; };
		337D60A4A2D090499D4A254B /* iCloudSyncComponents.swift */ = {isa = PBXFileReference; lastKnownFileType = sourcecode.swift; path = iCloudSyncComponents.swift; sourceTree = "<group>"; };
		33C138D7DFBDC2C18301268B /* TagCloudView.swift */ = {isa = PBXFileReference; lastKnownFileType = sourcecode.swift; path = TagCloudView.swift; sourceTree = "<group>"; };
		3A4F29A71F94448F64F0E40E /* WikiTooltip.swift */ = {isa = PBXFileReference; lastKnownFileType = sourcecode.swift; path = WikiTooltip.swift; sourceTree = "<group>"; };
		3C96AD97B102E2B68C993060 /* LLMModels.swift */ = {isa = PBXFileReference; lastKnownFileType = sourcecode.swift; path = LLMModels.swift; sourceTree = "<group>"; };
		3F5771CE8B1A9DD7D49ECF73 /* WelcomeView.swift */ = {isa = PBXFileReference; lastKnownFileType = sourcecode.swift; path = WelcomeView.swift; sourceTree = "<group>"; };
		43CCD1DD200F8364FEFED456 /* CollaborationModels.swift */ = {isa = PBXFileReference; lastKnownFileType = sourcecode.swift; path = CollaborationModels.swift; sourceTree = "<group>"; };
		44EB2F62D54F4A8FE89F3842 /* LLMSettingsView.swift */ = {isa = PBXFileReference; lastKnownFileType = sourcecode.swift; path = LLMSettingsView.swift; sourceTree = "<group>"; };
		4B8824F5F6B9F02B7B2F2389 /* SplashView.swift */ = {isa = PBXFileReference; lastKnownFileType = sourcecode.swift; path = SplashView.swift; sourceTree = "<group>"; };
		523846F7C20BBE7FD8EB7A73 /* CollaborationComponents.swift */ = {isa = PBXFileReference; lastKnownFileType = sourcecode.swift; path = CollaborationComponents.swift; sourceTree = "<group>"; };
		6007FFD34B53CF19AD76AA60 /* KMUITests.xctest */ = {isa = PBXFileReference; includeInIndex = 0; lastKnownFileType = wrapper.cfbundle; path = KMUITests.xctest; sourceTree = BUILT_PRODUCTS_DIR; };
		602EB6C8BEC5B69D2069E8E4 /* KnowledgeBase.app */ = {isa = PBXFileReference; includeInIndex = 0; lastKnownFileType = wrapper.application; path = KnowledgeBase.app; sourceTree = BUILT_PRODUCTS_DIR; };
		6AE70C21CDF46508EBBE364C /* OCRScanView.swift */ = {isa = PBXFileReference; lastKnownFileType = sourcecode.swift; path = OCRScanView.swift; sourceTree = "<group>"; };
		6B2A8DA06B000015C908951F /* Graph3DView.swift */ = {isa = PBXFileReference; lastKnownFileType = sourcecode.swift; path = Graph3DView.swift; sourceTree = "<group>"; };
		6B6C6CA98BE80665C43B4EC7 /* VoiceNoteView.swift */ = {isa = PBXFileReference; lastKnownFileType = sourcecode.swift; path = VoiceNoteView.swift; sourceTree = "<group>"; };
		6E8F30ABB87F9772EBBE2CBE /* ColorSchemeMode.swift */ = {isa = PBXFileReference; lastKnownFileType = sourcecode.swift; path = ColorSchemeMode.swift; sourceTree = "<group>"; };
		70FC7A5C87A79F0FCBD63D47 /* KMWatchApp.swift */ = {isa = PBXFileReference; lastKnownFileType = sourcecode.swift; path = KMWatchApp.swift; sourceTree = "<group>"; };
		73A908A07074E9BE714C1062 /* Localized.swift */ = {isa = PBXFileReference; lastKnownFileType = sourcecode.swift; path = Localized.swift; sourceTree = "<group>"; };
		73E99BE8941DB0DA9E8B22AD /* KMWatch.app */ = {isa = PBXFileReference; explicitFileType = wrapper.application; includeInIndex = 0; path = KMWatch.app; sourceTree = BUILT_PRODUCTS_DIR; };
		7A47CC2141005B7A2957D141 /* ContentView.swift */ = {isa = PBXFileReference; lastKnownFileType = sourcecode.swift; path = ContentView.swift; sourceTree = "<group>"; };
		7D06267D8F7B8F784F47242B /* Assets.xcassets */ = {isa = PBXFileReference; lastKnownFileType = folder.assetcatalog; path = Assets.xcassets; sourceTree = "<group>"; };
		7FD53A35361CFDA79708A33C /* PageDetailHeader.swift */ = {isa = PBXFileReference; lastKnownFileType = sourcecode.swift; path = PageDetailHeader.swift; sourceTree = "<group>"; };
		8309B7E2A3440512B4F68280 /* PDFReaderView.swift */ = {isa = PBXFileReference; lastKnownFileType = sourcecode.swift; path = PDFReaderView.swift; sourceTree = "<group>"; };
		86B4F5F01E0B3B0F63829F9B /* IngestViewComponents.swift */ = {isa = PBXFileReference; lastKnownFileType = sourcecode.swift; path = IngestViewComponents.swift; sourceTree = "<group>"; };
		89DD06C8652D0EDF9CE5C3A4 /* WikiUI.swift */ = {isa = PBXFileReference; lastKnownFileType = sourcecode.swift; path = WikiUI.swift; sourceTree = "<group>"; };
		8E1613B7E9DFBF5CC12A70E7 /* SQLiteStoreCore.swift */ = {isa = PBXFileReference; lastKnownFileType = sourcecode.swift; path = SQLiteStoreCore.swift; sourceTree = "<group>"; };
		8F6AC91AE358334C7C2F0B45 /* NavigationView.swift */ = {isa = PBXFileReference; lastKnownFileType = sourcecode.swift; path = NavigationView.swift; sourceTree = "<group>"; };
		8F95417B899E529B59C36C3E /* UndoService.swift */ = {isa = PBXFileReference; lastKnownFileType = sourcecode.swift; path = UndoService.swift; sourceTree = "<group>"; };
		91F9B5EBB39BA7A9B5464997 /* SettingsComponents.swift */ = {isa = PBXFileReference; lastKnownFileType = sourcecode.swift; path = SettingsComponents.swift; sourceTree = "<group>"; };
		9389A424AA258E6ED7BA6A28 /* KMBackupService.swift */ = {isa = PBXFileReference; lastKnownFileType = sourcecode.swift; path = KMBackupService.swift; sourceTree = "<group>"; };
		97E28C6473D1471DDFFFA3BD /* KMApp.swift */ = {isa = PBXFileReference; lastKnownFileType = sourcecode.swift; path = KMApp.swift; sourceTree = "<group>"; };
		989F3012D0E4AC2CD45D0FFC /* DeepLinkService.swift */ = {isa = PBXFileReference; lastKnownFileType = sourcecode.swift; path = DeepLinkService.swift; sourceTree = "<group>"; };
		9DAC0B0A535851B6DCEF1CF4 /* MarkdownTextView.swift */ = {isa = PBXFileReference; lastKnownFileType = sourcecode.swift; path = MarkdownTextView.swift; sourceTree = "<group>"; };
		9E892E5B695CEF1108F9E850 /* LogService.swift */ = {isa = PBXFileReference; lastKnownFileType = sourcecode.swift; path = LogService.swift; sourceTree = "<group>"; };
		9EDC775DB73F6721F9A5616F /* VoiceNoteComponents.swift */ = {isa = PBXFileReference; lastKnownFileType = sourcecode.swift; path = VoiceNoteComponents.swift; sourceTree = "<group>"; };
		A55C45746BF817B769D00D1D /* VisionProSpatialView.swift */ = {isa = PBXFileReference; lastKnownFileType = sourcecode.swift; path = VisionProSpatialView.swift; sourceTree = "<group>"; };
		A70D3D4C7ECF990498AEEF04 /* WikiCardComponents.swift */ = {isa = PBXFileReference; lastKnownFileType = sourcecode.swift; path = WikiCardComponents.swift; sourceTree = "<group>"; };
		A9FD5E425787E92D67241C1E /* WikiColors.swift */ = {isa = PBXFileReference; lastKnownFileType = sourcecode.swift; path = WikiColors.swift; sourceTree = "<group>"; };
		B0BF2EA761A5A43C4FB8AA47 /* Graph3DComponents.swift */ = {isa = PBXFileReference; lastKnownFileType = sourcecode.swift; path = Graph3DComponents.swift; sourceTree = "<group>"; };
		B364363A8BE17A9E76A21FDC /* HostingSetupSheet.swift */ = {isa = PBXFileReference; lastKnownFileType = sourcecode.swift; path = HostingSetupSheet.swift; sourceTree = "<group>"; };
		B389CB4AFA708A6C4DFE2D36 /* KMiCloudSyncService.swift */ = {isa = PBXFileReference; lastKnownFileType = sourcecode.swift; path = KMiCloudSyncService.swift; sourceTree = "<group>"; };
		B5877520E4EA3FDC2CA62627 /* PerformanceService.swift */ = {isa = PBXFileReference; lastKnownFileType = sourcecode.swift; path = PerformanceService.swift; sourceTree = "<group>"; };
		B7B454DDC566330132441156 /* IngestService.swift */ = {isa = PBXFileReference; lastKnownFileType = sourcecode.swift; path = IngestService.swift; sourceTree = "<group>"; };
		B94EB008959D8B606ECABC85 /* LintService.swift */ = {isa = PBXFileReference; lastKnownFileType = sourcecode.swift; path = LintService.swift; sourceTree = "<group>"; };
		B99B61971A587ACDFC844FCB /* KMStore.swift */ = {isa = PBXFileReference; lastKnownFileType = sourcecode.swift; path = KMStore.swift; sourceTree = "<group>"; };
		BD6EE31F7D4F4AE82233E97E /* PageType.swift */ = {isa = PBXFileReference; lastKnownFileType = sourcecode.swift; path = PageType.swift; sourceTree = "<group>"; };
		BE2D6728318706422B93F487 /* LintView.swift */ = {isa = PBXFileReference; lastKnownFileType = sourcecode.swift; path = LintView.swift; sourceTree = "<group>"; };
		BE790F98F3C8719E49FF0645 /* CollaborationService.swift */ = {isa = PBXFileReference; lastKnownFileType = sourcecode.swift; path = CollaborationService.swift; sourceTree = "<group>"; };
		BEBA1878EDE2EB154489EEF8 /* WikiDecorators.swift */ = {isa = PBXFileReference; lastKnownFileType = sourcecode.swift; path = WikiDecorators.swift; sourceTree = "<group>"; };
		C100ED231551681406F0383C /* HapticManager.swift */ = {isa = PBXFileReference; lastKnownFileType = sourcecode.swift; path = HapticManager.swift; sourceTree = "<group>"; };
		C11ACB488B18A06B04411784 /* BacklinksView.swift */ = {isa = PBXFileReference; lastKnownFileType = sourcecode.swift; path = BacklinksView.swift; sourceTree = "<group>"; };
		C5600890BF01FE825B81F0A3 /* CreatePageView.swift */ = {isa = PBXFileReference; lastKnownFileType = sourcecode.swift; path = CreatePageView.swift; sourceTree = "<group>"; };
		C6AE679FADCDFE0410B041C7 /* WikiLoadingOverlay.swift */ = {isa = PBXFileReference; lastKnownFileType = sourcecode.swift; path = WikiLoadingOverlay.swift; sourceTree = "<group>"; };
		C6C2558DB2F6D74CE6821D40 /* GraphView.swift */ = {isa = PBXFileReference; lastKnownFileType = sourcecode.swift; path = GraphView.swift; sourceTree = "<group>"; };
		C6F8CCD1BF89ABCD0D420706 /* SidebarView.swift */ = {isa = PBXFileReference; lastKnownFileType = sourcecode.swift; path = SidebarView.swift; sourceTree = "<group>"; };
		CA2B7E052FC2F629F675FADD /* KMTests.xctest */ = {isa = PBXFileReference; includeInIndex = 0; lastKnownFileType = wrapper.cfbundle; path = KMTests.xctest; sourceTree = BUILT_PRODUCTS_DIR; };
		CB227E4B179732E50618C17F /* LinkService.swift */ = {isa = PBXFileReference; lastKnownFileType = sourcecode.swift; path = LinkService.swift; sourceTree = "<group>"; };
		CBB820192BE4768FB630672A /* GraphModels.swift */ = {isa = PBXFileReference; lastKnownFileType = sourcecode.swift; path = GraphModels.swift; sourceTree = "<group>"; };
		CBC958E8CE4A6CF198884209 /* LLMContextBuilder.swift */ = {isa = PBXFileReference; lastKnownFileType = sourcecode.swift; path = LLMContextBuilder.swift; sourceTree = "<group>"; };
		CEEF55DEDDAC04FBCE472A92 /* IconPickerView.swift */ = {isa = PBXFileReference; lastKnownFileType = sourcecode.swift; path = IconPickerView.swift; sourceTree = "<group>"; };
		D762AD4C1FC17F203A48ACA0 /* MarkdownRendererView.swift */ = {isa = PBXFileReference; lastKnownFileType = sourcecode.swift; path = MarkdownRendererView.swift; sourceTree = "<group>"; };
		D915895F5D805E447D19F875 /* EditorComponents.swift */ = {isa = PBXFileReference; lastKnownFileType = sourcecode.swift; path = EditorComponents.swift; sourceTree = "<group>"; };
		D95BFCC6AFDE414884AAE834 /* ChatView.swift */ = {isa = PBXFileReference; lastKnownFileType = sourcecode.swift; path = ChatView.swift; sourceTree = "<group>"; };
		DA0969A983C6780951E315CE /* Info.plist */ = {isa = PBXFileReference; lastKnownFileType = text.plist; path = Info.plist; sourceTree = "<group>"; };
		DB749014A97B1EDE68815590 /* ChatComponents.swift */ = {isa = PBXFileReference; lastKnownFileType = sourcecode.swift; path = ChatComponents.swift; sourceTree = "<group>"; };
		DD3765C8B424DB00BB5038CF /* SplashComponents.swift */ = {isa = PBXFileReference; lastKnownFileType = sourcecode.swift; path = SplashComponents.swift; sourceTree = "<group>"; };
		DF2A435C176B1D93E68D25DB /* iCloudSyncView.swift */ = {isa = PBXFileReference; lastKnownFileType = sourcecode.swift; path = iCloudSyncView.swift; sourceTree = "<group>"; };
		E135D162B659388E7F2222A0 /* ThemeManager.swift */ = {isa = PBXFileReference; lastKnownFileType = sourcecode.swift; path = ThemeManager.swift; sourceTree = "<group>"; };
		E140FE90FF44DDBBD3752924 /* KMWatchView.swift */ = {isa = PBXFileReference; lastKnownFileType = sourcecode.swift; path = KMWatchView.swift; sourceTree = "<group>"; };
		E6EA583291C7C07AFA3DE0C2 /* GraphLayoutEngine.swift */ = {isa = PBXFileReference; lastKnownFileType = sourcecode.swift; path = GraphLayoutEngine.swift; sourceTree = "<group>"; };
		EA744A49616C573E13247ECF /* SearchView.swift */ = {isa = PBXFileReference; lastKnownFileType = sourcecode.swift; path = SearchView.swift; sourceTree = "<group>"; };
		ECD02B7F90FB5301EEB6723B /* LLMClient.swift */ = {isa = PBXFileReference; lastKnownFileType = sourcecode.swift; path = LLMClient.swift; sourceTree = "<group>"; };
		F00041C14865CB6349D8623A /* LintIssue.swift */ = {isa = PBXFileReference; lastKnownFileType = sourcecode.swift; path = LintIssue.swift; sourceTree = "<group>"; };
		F067C8EFCE60A43EC5A52CCB /* MCSessionDelegateImpl.swift */ = {isa = PBXFileReference; lastKnownFileType = sourcecode.swift; path = MCSessionDelegateImpl.swift; sourceTree = "<group>"; };
		F1D765E9D0A12A54B22BC08A /* OCRScanComponents.swift */ = {isa = PBXFileReference; lastKnownFileType = sourcecode.swift; path = OCRScanComponents.swift; sourceTree = "<group>"; };
		F33512E52D7A4A51728B8C71 /* OCRService.swift */ = {isa = PBXFileReference; lastKnownFileType = sourcecode.swift; path = OCRService.swift; sourceTree = "<group>"; };
		F35FB1ACE2B813B57A223052 /* AccessibilityService.swift */ = {isa = PBXFileReference; lastKnownFileType = sourcecode.swift; path = AccessibilityService.swift; sourceTree = "<group>"; };
		F65F5FDF39C739BDCF084DA1 /* IngestView.swift */ = {isa = PBXFileReference; lastKnownFileType = sourcecode.swift; path = IngestView.swift; sourceTree = "<group>"; };
		F96EDAC46E1D9EBED5110920 /* CollaborationView.swift */ = {isa = PBXFileReference; lastKnownFileType = sourcecode.swift; path = CollaborationView.swift; sourceTree = "<group>"; };
		FA8FD78B5550DD2D03937A35 /* PDFService.swift */ = {isa = PBXFileReference; lastKnownFileType = sourcecode.swift; path = PDFService.swift; sourceTree = "<group>"; };
		FDFFCB37100F4BD12DE3F3FB /* BackupView.swift */ = {isa = PBXFileReference; lastKnownFileType = sourcecode.swift; path = BackupView.swift; sourceTree = "<group>"; };
		FE91393096F8C34B715391A5 /* WidgetAndWatchViews.swift */ = {isa = PBXFileReference; lastKnownFileType = sourcecode.swift; path = WidgetAndWatchViews.swift; sourceTree = "<group>"; };
		FF1F92FC0630E73F980511BA /* MarkdownParser.swift */ = {isa = PBXFileReference; lastKnownFileType = sourcecode.swift; path = MarkdownParser.swift; sourceTree = "<group>"; };
		FFDDCA7B248A91E59A815377 /* Localizable.xcstrings */ = {isa = PBXFileReference; lastKnownFileType = text.json.xcstrings; path = Localizable.xcstrings; sourceTree = "<group>"; };
/* End PBXFileReference section */

/* Begin PBXGroup section */
		033704BCA303D3B0541ED5B2 /* Services */ = {
			isa = PBXGroup;
			children = (
				F35FB1ACE2B813B57A223052 /* AccessibilityService.swift */,
				BE790F98F3C8719E49FF0645 /* CollaborationService.swift */,
				989F3012D0E4AC2CD45D0FFC /* DeepLinkService.swift */,
				E6EA583291C7C07AFA3DE0C2 /* GraphLayoutEngine.swift */,
				B7B454DDC566330132441156 /* IngestService.swift */,
				9389A424AA258E6ED7BA6A28 /* KMBackupService.swift */,
				B389CB4AFA708A6C4DFE2D36 /* KMiCloudSyncService.swift */,
				23ECEBA8FAC37F5D875D36AC /* KMShortcutsService.swift */,
				B99B61971A587ACDFC844FCB /* KMStore.swift */,
				CB227E4B179732E50618C17F /* LinkService.swift */,
				B94EB008959D8B606ECABC85 /* LintService.swift */,
				ECD02B7F90FB5301EEB6723B /* LLMClient.swift */,
				CBC958E8CE4A6CF198884209 /* LLMContextBuilder.swift */,
				3C96AD97B102E2B68C993060 /* LLMModels.swift */,
				317A0ADEE02DE13352325849 /* LLMService.swift */,
				9E892E5B695CEF1108F9E850 /* LogService.swift */,
				FF1F92FC0630E73F980511BA /* MarkdownParser.swift */,
				F067C8EFCE60A43EC5A52CCB /* MCSessionDelegateImpl.swift */,
				F33512E52D7A4A51728B8C71 /* OCRService.swift */,
				1C61B08BFEB8D22BB3BFDCE0 /* OnDeviceLLMService.swift */,
				FA8FD78B5550DD2D03937A35 /* PDFService.swift */,
				B5877520E4EA3FDC2CA62627 /* PerformanceService.swift */,
				32C51271BDFEE2EFD557C2D7 /* SpeechService.swift */,
				15B2C70D8E98CEF66A8EB698 /* SQLiteMigrator.swift */,
				043181ACFF6C57C048A7FBB7 /* SQLiteStore.swift */,
				8E1613B7E9DFBF5CC12A70E7 /* SQLiteStoreCore.swift */,
				8F95417B899E529B59C36C3E /* UndoService.swift */,
			);
			path = Services;
			sourceTree = "<group>";
		};
		092D0257F82D84825A792ADF /* Models */ = {
			isa = PBXGroup;
			children = (
				43CCD1DD200F8364FEFED456 /* CollaborationModels.swift */,
				CBB820192BE4768FB630672A /* GraphModels.swift */,
				F00041C14865CB6349D8623A /* LintIssue.swift */,
				BD6EE31F7D4F4AE82233E97E /* PageType.swift */,
				105BE646513C58266EA81E23 /* WikiPage.swift */,
			);
			path = Models;
			sourceTree = "<group>";
		};
		0AFC717859D8BD701392AEE6 /* KMTests */ = {
			isa = PBXGroup;
			children = (
				32B539CA96E1C7AA259336DA /* KMTests.swift */,
			);
			path = KMTests;
			sourceTree = "<group>";
		};
		158CD6657C71BAE863486975 /* KMUITests */ = {
			isa = PBXGroup;
			children = (
				312F890E76B754400C6AE4D4 /* KMUITests.swift */,
			);
			path = KMUITests;
			sourceTree = "<group>";
		};
		31118F32C44DCCE19B9F9D6D /* Views */ = {
			isa = PBXGroup;
			children = (
				C11ACB488B18A06B04411784 /* BacklinksView.swift */,
				FDFFCB37100F4BD12DE3F3FB /* BackupView.swift */,
				D95BFCC6AFDE414884AAE834 /* ChatView.swift */,
				F96EDAC46E1D9EBED5110920 /* CollaborationView.swift */,
				7A47CC2141005B7A2957D141 /* ContentView.swift */,
				C5600890BF01FE825B81F0A3 /* CreatePageView.swift */,
				6B2A8DA06B000015C908951F /* Graph3DView.swift */,
				C6C2558DB2F6D74CE6821D40 /* GraphView.swift */,
				DF2A435C176B1D93E68D25DB /* iCloudSyncView.swift */,
				CEEF55DEDDAC04FBCE472A92 /* IconPickerView.swift */,
				1FBF7D8959D183A4C4D08702 /* IndexView.swift */,
				F65F5FDF39C739BDCF084DA1 /* IngestView.swift */,
				BE2D6728318706422B93F487 /* LintView.swift */,
				44EB2F62D54F4A8FE89F3842 /* LLMSettingsView.swift */,
				2E53E5D478B388A1EC6F5CDB /* LogView.swift */,
				01E60DC32AA27C76FFCEB17D /* MarkdownEditorView.swift */,
				D762AD4C1FC17F203A48ACA0 /* MarkdownRendererView.swift */,
				8F6AC91AE358334C7C2F0B45 /* NavigationView.swift */,
				6AE70C21CDF46508EBBE364C /* OCRScanView.swift */,
				05B55D816A13672F22D4B03B /* OnDeviceLLMSettingsView.swift */,
				30FB20925B94645EFB8E5B47 /* PageDetailView.swift */,
				8309B7E2A3440512B4F68280 /* PDFReaderView.swift */,
				EA744A49616C573E13247ECF /* SearchView.swift */,
				0A1972AC6048C58209B2410A /* SettingsView.swift */,
				C6F8CCD1BF89ABCD0D420706 /* SidebarView.swift */,
				4B8824F5F6B9F02B7B2F2389 /* SplashView.swift */,
				33C138D7DFBDC2C18301268B /* TagCloudView.swift */,
				A55C45746BF817B769D00D1D /* VisionProSpatialView.swift */,
				6B6C6CA98BE80665C43B4EC7 /* VoiceNoteView.swift */,
				3F5771CE8B1A9DD7D49ECF73 /* WelcomeView.swift */,
				FE91393096F8C34B715391A5 /* WidgetAndWatchViews.swift */,
				F550A0186ECF63D8D09F9F71 /* Components */,
			);
			path = Views;
			sourceTree = "<group>";
		};
		327F8B9935BD7A86144419F6 = {
			isa = PBXGroup;
			children = (
				0AFC717859D8BD701392AEE6 /* KMTests */,
				158CD6657C71BAE863486975 /* KMUITests */,
				51644AD90C68533D379E2BBA /* KMWatch */,
				D897A876560CAA0A060D167F /* KnowledgeBase */,
				D90C6BD4E13B06D1D82B5EA1 /* Products */,
			);
			sourceTree = "<group>";
		};
		51644AD90C68533D379E2BBA /* KMWatch */ = {
			isa = PBXGroup;
			children = (
				70FC7A5C87A79F0FCBD63D47 /* KMWatchApp.swift */,
				E140FE90FF44DDBBD3752924 /* KMWatchView.swift */,
			);
			path = KMWatch;
			sourceTree = "<group>";
		};
		AE7E3E82F146AC2D02A16EA4 /* Localization */ = {
			isa = PBXGroup;
			children = (
				FFDDCA7B248A91E59A815377 /* Localizable.xcstrings */,
			);
			path = Localization;
			sourceTree = "<group>";
		};
		CA42AFDA2168AF0074CF4C35 /* Utilities */ = {
			isa = PBXGroup;
			children = (
				6E8F30ABB87F9772EBBE2CBE /* ColorSchemeMode.swift */,
				C100ED231551681406F0383C /* HapticManager.swift */,
				73A908A07074E9BE714C1062 /* Localized.swift */,
				E135D162B659388E7F2222A0 /* ThemeManager.swift */,
				A9FD5E425787E92D67241C1E /* WikiColors.swift */,
				89DD06C8652D0EDF9CE5C3A4 /* WikiUI.swift */,
			);
			path = Utilities;
			sourceTree = "<group>";
		};
		D897A876560CAA0A060D167F /* KnowledgeBase */ = {
			isa = PBXGroup;
			children = (
				7D06267D8F7B8F784F47242B /* Assets.xcassets */,
				DA0969A983C6780951E315CE /* Info.plist */,
				97E28C6473D1471DDFFFA3BD /* KMApp.swift */,
				B884A2AAF45EE51C72D7A426 /* LaunchScreen.storyboard */,
				AE7E3E82F146AC2D02A16EA4 /* Localization */,
				092D0257F82D84825A792ADF /* Models */,
				033704BCA303D3B0541ED5B2 /* Services */,
				CA42AFDA2168AF0074CF4C35 /* Utilities */,
				31118F32C44DCCE19B9F9D6D /* Views */,
			);
			path = KnowledgeBase;
			sourceTree = "<group>";
		};
		D90C6BD4E13B06D1D82B5EA1 /* Products */ = {
			isa = PBXGroup;
			children = (
				CA2B7E052FC2F629F675FADD /* KMTests.xctest */,
				6007FFD34B53CF19AD76AA60 /* KMUITests.xctest */,
				73E99BE8941DB0DA9E8B22AD /* KMWatch.app */,
				602EB6C8BEC5B69D2069E8E4 /* KnowledgeBase.app */,
			);
			name = Products;
			sourceTree = "<group>";
		};
		F550A0186ECF63D8D09F9F71 /* Components */ = {
			isa = PBXGroup;
			children = (
				DB749014A97B1EDE68815590 /* ChatComponents.swift */,
				523846F7C20BBE7FD8EB7A73 /* CollaborationComponents.swift */,
				D915895F5D805E447D19F875 /* EditorComponents.swift */,
				B0BF2EA761A5A43C4FB8AA47 /* Graph3DComponents.swift */,
				283EA44C422184C0EF6E2515 /* GraphComponents.swift */,
				B364363A8BE17A9E76A21FDC /* HostingSetupSheet.swift */,
				337D60A4A2D090499D4A254B /* iCloudSyncComponents.swift */,
				86B4F5F01E0B3B0F63829F9B /* IngestViewComponents.swift */,
				9DAC0B0A535851B6DCEF1CF4 /* MarkdownTextView.swift */,
				F1D765E9D0A12A54B22BC08A /* OCRScanComponents.swift */,
				1EF614BE6E00098B47D36172 /* OnDeviceComponents.swift */,
				7FD53A35361CFDA79708A33C /* PageDetailHeader.swift */,
				079ED4ADD358541D08B4C06D /* PDFComponents.swift */,
				91F9B5EBB39BA7A9B5464997 /* SettingsComponents.swift */,
				DD3765C8B424DB00BB5038CF /* SplashComponents.swift */,
				9EDC775DB73F6721F9A5616F /* VoiceNoteComponents.swift */,
				13F904A08F7F655A902EEA24 /* WikiCard.swift */,
				A70D3D4C7ECF990498AEEF04 /* WikiCardComponents.swift */,
				BEBA1878EDE2EB154489EEF8 /* WikiDecorators.swift */,
				306343D2D963861AFDA3A6F2 /* WikiEmptyState.swift */,
				C6AE679FADCDFE0410B041C7 /* WikiLoadingOverlay.swift */,
				3A4F29A71F94448F64F0E40E /* WikiTooltip.swift */,
			);
			path = Components;
			sourceTree = "<group>";
		};
/* End PBXGroup section */

/* Begin PBXNativeTarget section */
		3EE66EB0ADD46BC18B5F9F57 /* KMTests */ = {
			isa = PBXNativeTarget;
			buildConfigurationList = 327340C6B05E32AA00A1F5B9 /* Build configuration list for PBXNativeTarget "KMTests" */;
			buildPhases = (
				1E2BFAB6119BEC98EF351453 /* Sources */,
			);
			buildRules = (
			);
			dependencies = (
				54218D575CC76E791C818F71 /* PBXTargetDependency */,
			);
			name = KMTests;
			packageProductDependencies = (
			);
			productName = KMTests;
			productReference = CA2B7E052FC2F629F675FADD /* KMTests.xctest */;
			productType = "com.apple.product-type.bundle.unit-test";
		};
		7D833D4CC1539217B49E51B8 /* KMUITests */ = {
			isa = PBXNativeTarget;
			buildConfigurationList = 82ADEDAF38DA74750D001ECD /* Build configuration list for PBXNativeTarget "KMUITests" */;
			buildPhases = (
				F6DAABF5CABABE5080D59681 /* Sources */,
			);
			buildRules = (
			);
			dependencies = (
				AE964A67C800BBFFE087D229 /* PBXTargetDependency */,
			);
			name = KMUITests;
			packageProductDependencies = (
			);
			productName = KMUITests;
			productReference = 6007FFD34B53CF19AD76AA60 /* KMUITests.xctest */;
			productType = "com.apple.product-type.bundle.ui-testing";
		};
		C4396544D38D7CE5D026943D /* KMWatch */ = {
			isa = PBXNativeTarget;
			buildConfigurationList = 067BC1BBC7483CF3DFAA27DD /* Build configuration list for PBXNativeTarget "KMWatch" */;
			buildPhases = (
				DAD8B3E63D905C8C2E8D0A1F /* Sources */,
				FE80DA447444C32E07360957 /* Resources */,
			);
			buildRules = (
			);
			dependencies = (
				6DDC51FB121A9B7C692963FF /* PBXTargetDependency */,
			);
			name = KMWatch;
			packageProductDependencies = (
			);
			productName = KMWatch;
			productReference = 73E99BE8941DB0DA9E8B22AD /* KMWatch.app */;
			productType = "com.apple.product-type.application";
		};
		D00BC1F3C667874D898037F2 /* KnowledgeBase */ = {
			isa = PBXNativeTarget;
			buildConfigurationList = EF59575EB4860F646A87901F /* Build configuration list for PBXNativeTarget "KnowledgeBase" */;
			buildPhases = (
				A0CC2AF53C4F072CA38FE7B8 /* Sources */,
				692D53CF800D90E9E172EFF9 /* Resources */,
			);
			buildRules = (
			);
			dependencies = (
			);
			name = KnowledgeBase;
			packageProductDependencies = (
			);
			productName = KnowledgeBase;
			productReference = 602EB6C8BEC5B69D2069E8E4 /* KnowledgeBase.app */;
			productType = "com.apple.product-type.application";
		};
/* End PBXNativeTarget section */

/* Begin PBXProject section */
		1E9A6BBB4BA8D188D24B282A /* Project object */ = {
			isa = PBXProject;
			attributes = {
				BuildIndependentTargetsInParallel = YES;
				LastUpgradeCheck = 1600;
				TargetAttributes = {
					3EE66EB0ADD46BC18B5F9F57 = {
						DevelopmentTeam = "";
					};
					7D833D4CC1539217B49E51B8 = {
						DevelopmentTeam = "";
						TestTargetID = D00BC1F3C667874D898037F2;
					};
					C4396544D38D7CE5D026943D = {
						DevelopmentTeam = "";
					};
					D00BC1F3C667874D898037F2 = {
						DevelopmentTeam = "";
					};
				};
			};
			buildConfigurationList = D194E182CD838CFFA1325527 /* Build configuration list for PBXProject "KnowledgeBase" */;
			developmentRegion = en;
			hasScannedForEncodings = 0;
			knownRegions = (
				Base,
				en,
				"zh-Hans",
			);
			mainGroup = 327F8B9935BD7A86144419F6;
			minimizedProjectReferenceProxies = 1;
			preferredProjectObjectVersion = 77;
			productRefGroup = D90C6BD4E13B06D1D82B5EA1 /* Products */;
			projectDirPath = "";
			projectRoot = "";
			targets = (
				3EE66EB0ADD46BC18B5F9F57 /* KMTests */,
				7D833D4CC1539217B49E51B8 /* KMUITests */,
				C4396544D38D7CE5D026943D /* KMWatch */,
				D00BC1F3C667874D898037F2 /* KnowledgeBase */,
			);
		};
/* End PBXProject section */

/* Begin PBXResourcesBuildPhase section */
		692D53CF800D90E9E172EFF9 /* Resources */ = {
			isa = PBXResourcesBuildPhase;
			buildActionMask = 2147483647;
			files = (
				FDBBCDC74B3E4A94FB77C50D /* Assets.xcassets in Resources */,
				C23E7B3944DF9F1AEABBC4C9 /* LaunchScreen.storyboard in Resources */,
				1E0F76F3D40282689696CD00 /* Localizable.xcstrings in Resources */,
			);
			runOnlyForDeploymentPostprocessing = 0;
		};
		FE80DA447444C32E07360957 /* Resources */ = {
			isa = PBXResourcesBuildPhase;
			buildActionMask = 2147483647;
			files = (
				19E624AAFA900B2CF9ADABE1 /* KnowledgeBase.app in Resources */,
			);
			runOnlyForDeploymentPostprocessing = 0;
		};
/* End PBXResourcesBuildPhase section */

/* Begin PBXSourcesBuildPhase section */
		1E2BFAB6119BEC98EF351453 /* Sources */ = {
			isa = PBXSourcesBuildPhase;
			buildActionMask = 2147483647;
			files = (
				E301F6DDA48F7FD44DE9405A /* KMTests.swift in Sources */,
			);
			runOnlyForDeploymentPostprocessing = 0;
		};
		A0CC2AF53C4F072CA38FE7B8 /* Sources */ = {
			isa = PBXSourcesBuildPhase;
			buildActionMask = 2147483647;
			files = (
				76E2668F2A074BDEC46745C7 /* AccessibilityService.swift in Sources */,
				C5BB1F71A277E2569339B1C9 /* BacklinksView.swift in Sources */,
				1E6410E4E503015AB7DCE5E8 /* BackupView.swift in Sources */,
				60C52C14B1878057A09D4965 /* ChatComponents.swift in Sources */,
				DA3CFA3C31213EF7C0AD6FFB /* ChatView.swift in Sources */,
				5A397677AF38C462B56FE2DE /* CollaborationComponents.swift in Sources */,
				13419756D33D77228D027CC5 /* CollaborationModels.swift in Sources */,
				9E68A482590659891B6533B3 /* CollaborationService.swift in Sources */,
				59C3B98CDF6B4A131A275E56 /* CollaborationView.swift in Sources */,
				0C62652E9338CDC411C559E5 /* ColorSchemeMode.swift in Sources */,
				589FEF6FDD265901EFB47651 /* ContentView.swift in Sources */,
				02DEE2EEA1F7BE8CB0C96EE9 /* CreatePageView.swift in Sources */,
				A7887BD02FA529C7EA700BCB /* DeepLinkService.swift in Sources */,
				FF189F54BE4E2DAC1FB004DB /* EditorComponents.swift in Sources */,
				49E7C9A075C173CC2054F5D9 /* Graph3DComponents.swift in Sources */,
				D753D96E42745FDC2111E226 /* Graph3DView.swift in Sources */,
				A1769F16682FC36E8295D00D /* GraphComponents.swift in Sources */,
				23CD38F5B0046C383CE60E16 /* GraphLayoutEngine.swift in Sources */,
				D6D4A9F3B0B2F54CCD86E7E5 /* GraphModels.swift in Sources */,
				C00C526D2BC7AC0862AF26A6 /* GraphView.swift in Sources */,
				C217A71A6C9B9272264EFFBA /* HapticManager.swift in Sources */,
				9968FB8D35D48DE2F2F80886 /* HostingSetupSheet.swift in Sources */,
				1B50B967C226F1626FF1585B /* IconPickerView.swift in Sources */,
				7C6C0B7D19889AA069A8DECD /* IndexView.swift in Sources */,
				0873F7193D49209AC2DB4808 /* IngestService.swift in Sources */,
				4B7B1B5E1ED3695D22162FD8 /* IngestView.swift in Sources */,
				E8FA39CE3B21860D74E143D1 /* IngestViewComponents.swift in Sources */,
				6DB954F2767DEB62F7BCCC28 /* KMApp.swift in Sources */,
				5538483ECACD35159E29A105 /* KMBackupService.swift in Sources */,
				08450DF0A96EC6EC61B1A48E /* KMShortcutsService.swift in Sources */,
				71C5FCA1C472159DA69110B5 /* KMStore.swift in Sources */,
				360D50FB0755CBD8A2CE8320 /* KMiCloudSyncService.swift in Sources */,
				59592D2AB321D81974780188 /* LLMClient.swift in Sources */,
				E1FD1805B260CD82CA73EE11 /* LLMContextBuilder.swift in Sources */,
				7E60DE4B16FE80D20C084928 /* LLMModels.swift in Sources */,
				7F8A96665B5735CFAF0FE5D3 /* LLMService.swift in Sources */,
				850F1807A7551007F8A53E06 /* LLMSettingsView.swift in Sources */,
				DFB7526998B8C7A751404805 /* LinkService.swift in Sources */,
				B49DF339CAC863C8B91045D9 /* LintIssue.swift in Sources */,
				68CC5F35B793B87F63994529 /* LintService.swift in Sources */,
				F16A9478CA7973B26344E6AC /* LintView.swift in Sources */,
				9AA9D9081662CE309CB6D01F /* Localized.swift in Sources */,
				D4CF75670F267110F4A17ACC /* LogService.swift in Sources */,
				363C825E953BD0CAC06931A9 /* LogView.swift in Sources */,
				F7B90FF6FBF727E496D435D3 /* MCSessionDelegateImpl.swift in Sources */,
				885D35F00F0CBDFC3F015F57 /* MarkdownEditorView.swift in Sources */,
				FDF38D24723763127FC81761 /* MarkdownParser.swift in Sources */,
				24113BD279D543CD3943EBE6 /* MarkdownRendererView.swift in Sources */,
				FAD322263847B54E7AB4B28D /* MarkdownTextView.swift in Sources */,
				61770421E084797ACC923AF8 /* NavigationView.swift in Sources */,
				52A9E580D008394508ADB0EF /* OCRScanComponents.swift in Sources */,
				0C347C8D888A7ABFF3BC43BE /* OCRScanView.swift in Sources */,
				B8215A5A980999C4287620A5 /* OCRService.swift in Sources */,
				5C6A14574F8340121512CE16 /* OnDeviceComponents.swift in Sources */,
				77E78BA3B6F84F41A7E60853 /* OnDeviceLLMService.swift in Sources */,
				7C304F2705BF22DF1B91B2F1 /* OnDeviceLLMSettingsView.swift in Sources */,
				8CBC2A7A07BE809297CAA113 /* PDFComponents.swift in Sources */,
				35CB156D28CF962EEB7D1C9B /* PDFReaderView.swift in Sources */,
				0E05D37A8622200529E4A232 /* PDFService.swift in Sources */,
				2B8D9CD9786164989699B2C8 /* PageDetailHeader.swift in Sources */,
				1FB68ADD978D458D2B897A6C /* PageDetailView.swift in Sources */,
				08C290C722153227FEE4F8BD /* PageType.swift in Sources */,
				DED4AAC87B562FE254CA4EAF /* PerformanceService.swift in Sources */,
				5227750A6891A477157F6E65 /* SQLiteMigrator.swift in Sources */,
				8F785F858D3985FF7990A979 /* SQLiteStore.swift in Sources */,
				0019F389EDEE7F4811152E62 /* SQLiteStoreCore.swift in Sources */,
				424970E72FBD12EAE9722702 /* SearchView.swift in Sources */,
				2D636D61D2680B14AF2D28B4 /* SettingsComponents.swift in Sources */,
				5D14C5E6452807CC76B71265 /* SettingsView.swift in Sources */,
				DB9D4D8F2ED213905F12F7E6 /* SidebarView.swift in Sources */,
				B5740F8963F3485C8F420BE9 /* SpeechService.swift in Sources */,
				DECD963504167F6C9039EA1D /* SplashComponents.swift in Sources */,
				1822C29462F025E0020398B6 /* SplashView.swift in Sources */,
				8C3B3ED5B295348B80DE6B86 /* TagCloudView.swift in Sources */,
				8A50A3751208D037AE55B893 /* ThemeManager.swift in Sources */,
				9FEFCE028A22599179ABD406 /* UndoService.swift in Sources */,
				906DC648D1087A3CAC929D3B /* VisionProSpatialView.swift in Sources */,
				8802C70ACE9669245ABF1D31 /* VoiceNoteComponents.swift in Sources */,
				BE5B41A04EE38DD20AB7EB4B /* VoiceNoteView.swift in Sources */,
				F6A6406F791EFD6CDECD437D /* WelcomeView.swift in Sources */,
				6706019DFA7CE462D986FFCA /* WidgetAndWatchViews.swift in Sources */,
				8F8C48D61926E20679C9B77D /* WikiCard.swift in Sources */,
				4231A81ECE4DCD8CC6A751DD /* WikiCardComponents.swift in Sources */,
				1564474CC4F3C3A09463B3F8 /* WikiColors.swift in Sources */,
				299EA97B250FDE709DAB7091 /* WikiDecorators.swift in Sources */,
				4B1FF234D420AEC215A28975 /* WikiEmptyState.swift in Sources */,
				8E3D816406FFF7385D1532C9 /* WikiLoadingOverlay.swift in Sources */,
				5B113506DD11D69E7949D13C /* WikiPage.swift in Sources */,
				1AEF604E95BA7369E0C8E204 /* WikiTooltip.swift in Sources */,
				A98A656F5C896AD940110347 /* WikiUI.swift in Sources */,
				A8A85524BB190CDFC6D79F44 /* iCloudSyncComponents.swift in Sources */,
				E996062E910611AB02F3C5D7 /* iCloudSyncView.swift in Sources */,
			);
			runOnlyForDeploymentPostprocessing = 0;
		};
		DAD8B3E63D905C8C2E8D0A1F /* Sources */ = {
			isa = PBXSourcesBuildPhase;
			buildActionMask = 2147483647;
			files = (
				FA687A0C041BC3F64EB88A27 /* KMWatchApp.swift in Sources */,
				6F15BAA75C4F72F7264843BA /* KMWatchView.swift in Sources */,
			);
			runOnlyForDeploymentPostprocessing = 0;
		};
		F6DAABF5CABABE5080D59681 /* Sources */ = {
			isa = PBXSourcesBuildPhase;
			buildActionMask = 2147483647;
			files = (
				405D99C6E8BAADDD3F94CE4F /* KMUITests.swift in Sources */,
			);
			runOnlyForDeploymentPostprocessing = 0;
		};
/* End PBXSourcesBuildPhase section */

/* Begin PBXTargetDependency section */
		54218D575CC76E791C818F71 /* PBXTargetDependency */ = {
			isa = PBXTargetDependency;
			target = D00BC1F3C667874D898037F2 /* KnowledgeBase */;
			targetProxy = 2BACFABF4BC9279F9A097437 /* PBXContainerItemProxy */;
		};
		6DDC51FB121A9B7C692963FF /* PBXTargetDependency */ = {
			isa = PBXTargetDependency;
			target = D00BC1F3C667874D898037F2 /* KnowledgeBase */;
			targetProxy = 14DCF8960C900AD413CC6296 /* PBXContainerItemProxy */;
		};
		AE964A67C800BBFFE087D229 /* PBXTargetDependency */ = {
			isa = PBXTargetDependency;
			target = D00BC1F3C667874D898037F2 /* KnowledgeBase */;
			targetProxy = 49575BE4D3D2C1B95DE3D5BD /* PBXContainerItemProxy */;
		};
/* End PBXTargetDependency section */

/* Begin PBXVariantGroup section */
		B884A2AAF45EE51C72D7A426 /* LaunchScreen.storyboard */ = {
			isa = PBXVariantGroup;
			children = (
				06A74358474F96D6929CB163 /* Base */,
			);
			name = LaunchScreen.storyboard;
			sourceTree = "<group>";
		};
/* End PBXVariantGroup section */

/* Begin XCBuildConfiguration section */
		0071D3E084678B64E924A6D3 /* Release */ = {
			isa = XCBuildConfiguration;
			buildSettings = {
				BUNDLE_LOADER = "$(TEST_HOST)";
				GENERATE_INFOPLIST_FILE = YES;
				INFOPLIST_FILE = "";
				LD_RUNPATH_SEARCH_PATHS = (
					"$(inherited)",
					"@executable_path/Frameworks",
					"@loader_path/Frameworks",
				);
				PRODUCT_BUNDLE_IDENTIFIER = com.km.app.tests;
				SDKROOT = iphoneos;
				SWIFT_EMIT_LOC_STRINGS = YES;
				TARGETED_DEVICE_FAMILY = "1,2";
				TEST_HOST = "$(BUILT_PRODUCTS_DIR)/KnowledgeBase.app/KnowledgeBase";
			};
			name = Release;
		};
		0BDD7CC800F18718EB99F305 /* Debug */ = {
			isa = XCBuildConfiguration;
			buildSettings = {
				ASSETCATALOG_COMPILER_APPICON_NAME = AppIcon;
				GENERATE_INFOPLIST_FILE = YES;
				INFOPLIST_FILE = "";
				PRODUCT_BUNDLE_IDENTIFIER = com.km.app.watch;
				SDKROOT = watchos;
				SKIP_INSTALL = YES;
				SWIFT_EMIT_LOC_STRINGS = YES;
				TARGETED_DEVICE_FAMILY = 4;
				WATCHOS_DEPLOYMENT_TARGET = 10.0;
			};
			name = Debug;
		};
		398486C0F5D8F15280AB0CD9 /* Debug */ = {
			isa = XCBuildConfiguration;
			buildSettings = {
				BUNDLE_LOADER = "$(TEST_HOST)";
				GENERATE_INFOPLIST_FILE = YES;
				INFOPLIST_FILE = "";
				LD_RUNPATH_SEARCH_PATHS = (
					"$(inherited)",
					"@executable_path/Frameworks",
					"@loader_path/Frameworks",
				);
				PRODUCT_BUNDLE_IDENTIFIER = com.km.app.tests;
				SDKROOT = iphoneos;
				SWIFT_EMIT_LOC_STRINGS = YES;
				TARGETED_DEVICE_FAMILY = "1,2";
				TEST_HOST = "$(BUILT_PRODUCTS_DIR)/KnowledgeBase.app/KnowledgeBase";
			};
			name = Debug;
		};
		3DD041EA47A3B9EB27FB0BE9 /* Release */ = {
			isa = XCBuildConfiguration;
			buildSettings = {
				ALWAYS_SEARCH_USER_PATHS = NO;
				CLANG_ANALYZER_NONNULL = YES;
				CLANG_ANALYZER_NUMBER_OBJECT_CONVERSION = YES_AGGRESSIVE;
				CLANG_CXX_LANGUAGE_STANDARD = "gnu++14";
				CLANG_CXX_LIBRARY = "libc++";
				CLANG_ENABLE_MODULES = YES;
				CLANG_ENABLE_OBJC_ARC = YES;
				CLANG_ENABLE_OBJC_WEAK = YES;
				CLANG_WARN_BLOCK_CAPTURE_AUTORELEASING = YES;
				CLANG_WARN_BOOL_CONVERSION = YES;
				CLANG_WARN_COMMA = YES;
				CLANG_WARN_CONSTANT_CONVERSION = YES;
				CLANG_WARN_DEPRECATED_OBJC_IMPLEMENTATIONS = YES;
				CLANG_WARN_DIRECT_OBJC_ISA_USAGE = YES_ERROR;
				CLANG_WARN_DOCUMENTATION_COMMENTS = YES;
				CLANG_WARN_EMPTY_BODY = YES;
				CLANG_WARN_ENUM_CONVERSION = YES;
				CLANG_WARN_INFINITE_RECURSION = YES;
				CLANG_WARN_INT_CONVERSION = YES;
				CLANG_WARN_NON_LITERAL_NULL_CONVERSION = YES;
				CLANG_WARN_OBJC_IMPLICIT_RETAIN_SELF = YES;
				CLANG_WARN_OBJC_LITERAL_CONVERSION = YES;
				CLANG_WARN_OBJC_ROOT_CLASS = YES_ERROR;
				CLANG_WARN_QUOTED_INCLUDE_IN_FRAMEWORK_HEADER = YES;
				CLANG_WARN_RANGE_LOOP_ANALYSIS = YES;
				CLANG_WARN_STRICT_PROTOTYPES = YES;
				CLANG_WARN_SUSPICIOUS_MOVE = YES;
				CLANG_WARN_UNGUARDED_AVAILABILITY = YES_AGGRESSIVE;
				CLANG_WARN_UNREACHABLE_CODE = YES;
				CLANG_WARN__DUPLICATE_METHOD_MATCH = YES;
				COPY_PHASE_STRIP = NO;
				DEBUG_INFORMATION_FORMAT = "dwarf-with-dsym";
				DEVELOPMENT_TEAM = "";
				ENABLE_NS_ASSERTIONS = NO;
				ENABLE_STRICT_OBJC_MSGSEND = YES;
				GCC_C_LANGUAGE_STANDARD = gnu11;
				GCC_NO_COMMON_BLOCKS = YES;
				GCC_WARN_64_TO_32_BIT_CONVERSION = YES;
				GCC_WARN_ABOUT_RETURN_TYPE = YES_ERROR;
				GCC_WARN_UNDECLARED_SELECTOR = YES;
				GCC_WARN_UNINITIALIZED_AUTOS = YES_AGGRESSIVE;
				GCC_WARN_UNUSED_FUNCTION = YES;
				GCC_WARN_UNUSED_VARIABLE = YES;
				INFOPLIST_FILE = KnowledgeBase/Info.plist;
				IPHONEOS_DEPLOYMENT_TARGET = 17.0;
				MTL_ENABLE_DEBUG_INFO = NO;
				MTL_FAST_MATH = YES;
				PRODUCT_NAME = "$(TARGET_NAME)";
				SWIFT_COMPILATION_MODE = wholemodule;
				SWIFT_OPTIMIZATION_LEVEL = "-O";
				SWIFT_VERSION = 5.9;
				TARGETED_DEVICE_FAMILY = "1,2";
			};
			name = Release;
		};
		4BAA2D0E8F4C9220E446919D /* Debug */ = {
			isa = XCBuildConfiguration;
			buildSettings = {
				ASSETCATALOG_COMPILER_APPICON_NAME = AppIcon;
				CODE_SIGN_IDENTITY = "iPhone Developer";
				INFOPLIST_FILE = KnowledgeBase/Info.plist;
				LD_RUNPATH_SEARCH_PATHS = (
					"$(inherited)",
					"@executable_path/Frameworks",
				);
				PRODUCT_BUNDLE_IDENTIFIER = com.km.app;
				SDKROOT = iphoneos;
				SWIFT_EMIT_LOC_STRINGS = YES;
				TARGETED_DEVICE_FAMILY = "1,2";
			};
			name = Debug;
		};
		5B59718F9D524854C461F2A9 /* Release */ = {
			isa = XCBuildConfiguration;
			buildSettings = {
				ASSETCATALOG_COMPILER_APPICON_NAME = AppIcon;
				GENERATE_INFOPLIST_FILE = YES;
				INFOPLIST_FILE = "";
				PRODUCT_BUNDLE_IDENTIFIER = com.km.app.watch;
				SDKROOT = watchos;
				SKIP_INSTALL = YES;
				SWIFT_EMIT_LOC_STRINGS = YES;
				TARGETED_DEVICE_FAMILY = 4;
				WATCHOS_DEPLOYMENT_TARGET = 10.0;
			};
			name = Release;
		};
		C2AB0E8AE8619292C817E440 /* Release */ = {
			isa = XCBuildConfiguration;
			buildSettings = {
				ASSETCATALOG_COMPILER_APPICON_NAME = AppIcon;
				CODE_SIGN_IDENTITY = "iPhone Developer";
				INFOPLIST_FILE = KnowledgeBase/Info.plist;
				LD_RUNPATH_SEARCH_PATHS = (
					"$(inherited)",
					"@executable_path/Frameworks",
				);
				PRODUCT_BUNDLE_IDENTIFIER = com.km.app;
				SDKROOT = iphoneos;
				SWIFT_EMIT_LOC_STRINGS = YES;
				TARGETED_DEVICE_FAMILY = "1,2";
			};
			name = Release;
		};
		E4235A7A16537C9F1C899526 /* Debug */ = {
			isa = XCBuildConfiguration;
			buildSettings = {
				ALWAYS_SEARCH_USER_PATHS = NO;
				CLANG_ANALYZER_NONNULL = YES;
				CLANG_ANALYZER_NUMBER_OBJECT_CONVERSION = YES_AGGRESSIVE;
				CLANG_CXX_LANGUAGE_STANDARD = "gnu++14";
				CLANG_CXX_LIBRARY = "libc++";
				CLANG_ENABLE_MODULES = YES;
				CLANG_ENABLE_OBJC_ARC = YES;
				CLANG_ENABLE_OBJC_WEAK = YES;
				CLANG_WARN_BLOCK_CAPTURE_AUTORELEASING = YES;
				CLANG_WARN_BOOL_CONVERSION = YES;
				CLANG_WARN_COMMA = YES;
				CLANG_WARN_CONSTANT_CONVERSION = YES;
				CLANG_WARN_DEPRECATED_OBJC_IMPLEMENTATIONS = YES;
				CLANG_WARN_DIRECT_OBJC_ISA_USAGE = YES_ERROR;
				CLANG_WARN_DOCUMENTATION_COMMENTS = YES;
				CLANG_WARN_EMPTY_BODY = YES;
				CLANG_WARN_ENUM_CONVERSION = YES;
				CLANG_WARN_INFINITE_RECURSION = YES;
				CLANG_WARN_INT_CONVERSION = YES;
				CLANG_WARN_NON_LITERAL_NULL_CONVERSION = YES;
				CLANG_WARN_OBJC_IMPLICIT_RETAIN_SELF = YES;
				CLANG_WARN_OBJC_LITERAL_CONVERSION = YES;
				CLANG_WARN_OBJC_ROOT_CLASS = YES_ERROR;
				CLANG_WARN_QUOTED_INCLUDE_IN_FRAMEWORK_HEADER = YES;
				CLANG_WARN_RANGE_LOOP_ANALYSIS = YES;
				CLANG_WARN_STRICT_PROTOTYPES = YES;
				CLANG_WARN_SUSPICIOUS_MOVE = YES;
				CLANG_WARN_UNGUARDED_AVAILABILITY = YES_AGGRESSIVE;
				CLANG_WARN_UNREACHABLE_CODE = YES;
				CLANG_WARN__DUPLICATE_METHOD_MATCH = YES;
				COPY_PHASE_STRIP = NO;
				DEBUG_INFORMATION_FORMAT = dwarf;
				DEVELOPMENT_TEAM = "";
				ENABLE_STRICT_OBJC_MSGSEND = YES;
				ENABLE_TESTABILITY = YES;
				GCC_C_LANGUAGE_STANDARD = gnu11;
				GCC_DYNAMIC_NO_PIC = NO;
				GCC_NO_COMMON_BLOCKS = YES;
				GCC_OPTIMIZATION_LEVEL = 0;
				GCC_PREPROCESSOR_DEFINITIONS = (
					"$(inherited)",
					"DEBUG=1",
				);
				GCC_WARN_64_TO_32_BIT_CONVERSION = YES;
				GCC_WARN_ABOUT_RETURN_TYPE = YES_ERROR;
				GCC_WARN_UNDECLARED_SELECTOR = YES;
				GCC_WARN_UNINITIALIZED_AUTOS = YES_AGGRESSIVE;
				GCC_WARN_UNUSED_FUNCTION = YES;
				GCC_WARN_UNUSED_VARIABLE = YES;
				INFOPLIST_FILE = KnowledgeBase/Info.plist;
				IPHONEOS_DEPLOYMENT_TARGET = 17.0;
				MTL_ENABLE_DEBUG_INFO = INCLUDE_SOURCE;
				MTL_FAST_MATH = YES;
				ONLY_ACTIVE_ARCH = YES;
				PRODUCT_NAME = "$(TARGET_NAME)";
				SWIFT_ACTIVE_COMPILATION_CONDITIONS = DEBUG;
				SWIFT_OPTIMIZATION_LEVEL = "-Onone";
				SWIFT_VERSION = 5.9;
				TARGETED_DEVICE_FAMILY = "1,2";
			};
			name = Debug;
		};
		F4326885654AF304CC943BEC /* Debug */ = {
			isa = XCBuildConfiguration;
			buildSettings = {
				BUNDLE_LOADER = "$(TEST_HOST)";
				GENERATE_INFOPLIST_FILE = YES;
				INFOPLIST_FILE = "";
				LD_RUNPATH_SEARCH_PATHS = (
					"$(inherited)",
					"@executable_path/Frameworks",
					"@loader_path/Frameworks",
				);
				PRODUCT_BUNDLE_IDENTIFIER = com.km.app.uitests;
				SDKROOT = iphoneos;
				SWIFT_EMIT_LOC_STRINGS = YES;
				TARGETED_DEVICE_FAMILY = "1,2";
				TEST_TARGET_NAME = KnowledgeBase;
				UI_TARGET_FOR_PREVIEWS = YES;
			};
			name = Debug;
		};
		FEA954463FC3C9F7866D0614 /* Release */ = {
			isa = XCBuildConfiguration;
			buildSettings = {
				BUNDLE_LOADER = "$(TEST_HOST)";
				GENERATE_INFOPLIST_FILE = YES;
				INFOPLIST_FILE = "";
				LD_RUNPATH_SEARCH_PATHS = (
					"$(inherited)",
					"@executable_path/Frameworks",
					"@loader_path/Frameworks",
				);
				PRODUCT_BUNDLE_IDENTIFIER = com.km.app.uitests;
				SDKROOT = iphoneos;
				SWIFT_EMIT_LOC_STRINGS = YES;
				TARGETED_DEVICE_FAMILY = "1,2";
				TEST_TARGET_NAME = KnowledgeBase;
				UI_TARGET_FOR_PREVIEWS = YES;
			};
			name = Release;
		};
/* End XCBuildConfiguration section */

/* Begin XCConfigurationList section */
		067BC1BBC7483CF3DFAA27DD /* Build configuration list for PBXNativeTarget "KMWatch" */ = {
			isa = XCConfigurationList;
			buildConfigurations = (
				0BDD7CC800F18718EB99F305 /* Debug */,
				5B59718F9D524854C461F2A9 /* Release */,
			);
			defaultConfigurationIsVisible = 0;
			defaultConfigurationName = Debug;
		};
		327340C6B05E32AA00A1F5B9 /* Build configuration list for PBXNativeTarget "KMTests" */ = {
			isa = XCConfigurationList;
			buildConfigurations = (
				398486C0F5D8F15280AB0CD9 /* Debug */,
				0071D3E084678B64E924A6D3 /* Release */,
			);
			defaultConfigurationIsVisible = 0;
			defaultConfigurationName = Debug;
		};
		82ADEDAF38DA74750D001ECD /* Build configuration list for PBXNativeTarget "KMUITests" */ = {
			isa = XCConfigurationList;
			buildConfigurations = (
				F4326885654AF304CC943BEC /* Debug */,
				FEA954463FC3C9F7866D0614 /* Release */,
			);
			defaultConfigurationIsVisible = 0;
			defaultConfigurationName = Debug;
		};
		D194E182CD838CFFA1325527 /* Build configuration list for PBXProject "KnowledgeBase" */ = {
			isa = XCConfigurationList;
			buildConfigurations = (
				E4235A7A16537C9F1C899526 /* Debug */,
				3DD041EA47A3B9EB27FB0BE9 /* Release */,
			);
			defaultConfigurationIsVisible = 0;
			defaultConfigurationName = Debug;
		};
		EF59575EB4860F646A87901F /* Build configuration list for PBXNativeTarget "KnowledgeBase" */ = {
			isa = XCConfigurationList;
			buildConfigurations = (
				4BAA2D0E8F4C9220E446919D /* Debug */,
				C2AB0E8AE8619292C817E440 /* Release */,
			);
			defaultConfigurationIsVisible = 0;
			defaultConfigurationName = Debug;
		};
/* End XCConfigurationList section */
	};
	rootObject = 1E9A6BBB4BA8D188D24B282A /* Project object */;
}
